// !$*UTF8*$!
{
	archiveVersion = 1;
	classes = {
	};
	objectVersion = 46;
	objects = {

/* Begin PBXBuildFile section */
		0CC08BDF3F8DB8D089E8F3CC /* Pods_BotTestUITests.framework in Frameworks */ = {isa = PBXBuildFile; fileRef = EA066CF1589B69C303D774F3 /* Pods_BotTestUITests.framework */; };
		6C38F2E3B95AA5B5F4CAA798 /* Pods_BotTestTests.framework in Frameworks */ = {isa = PBXBuildFile; fileRef = F72A75919BEEAFFF4ACA01B2 /* Pods_BotTestTests.framework */; };
		EBCC102808250AF07E3EC22A /* Pods_BotTest.framework in Frameworks */ = {isa = PBXBuildFile; fileRef = FEB6221B72B0002AA522A95F /* Pods_BotTest.framework */; };
		FA44F1731EBA6EE2003FFC27 /* AppDelegate.swift in Sources */ = {isa = PBXBuildFile; fileRef = FA44F1721EBA6EE2003FFC27 /* AppDelegate.swift */; };
		FA44F1751EBA6EE2003FFC27 /* ViewController.swift in Sources */ = {isa = PBXBuildFile; fileRef = FA44F1741EBA6EE2003FFC27 /* ViewController.swift */; };
		FA44F1781EBA6EE2003FFC27 /* Main.storyboard in Resources */ = {isa = PBXBuildFile; fileRef = FA44F1761EBA6EE2003FFC27 /* Main.storyboard */; };
		FA44F17A1EBA6EE2003FFC27 /* Assets.xcassets in Resources */ = {isa = PBXBuildFile; fileRef = FA44F1791EBA6EE2003FFC27 /* Assets.xcassets */; };
		FA44F17D1EBA6EE2003FFC27 /* LaunchScreen.storyboard in Resources */ = {isa = PBXBuildFile; fileRef = FA44F17B1EBA6EE2003FFC27 /* LaunchScreen.storyboard */; };
		FA44F1881EBA6EE2003FFC27 /* BotTestTests.swift in Sources */ = {isa = PBXBuildFile; fileRef = FA44F1871EBA6EE2003FFC27 /* BotTestTests.swift */; };
		FA44F1931EBA6EE2003FFC27 /* BotTestUITests.swift in Sources */ = {isa = PBXBuildFile; fileRef = FA44F1921EBA6EE2003FFC27 /* BotTestUITests.swift */; };
		FA44F1A11EBA6FA2003FFC27 /* Podfile in Resources */ = {isa = PBXBuildFile; fileRef = FA44F1A01EBA6FA2003FFC27 /* Podfile */; };
/* End PBXBuildFile section */

/* Begin PBXContainerItemProxy section */
		FA44F1841EBA6EE2003FFC27 /* PBXContainerItemProxy */ = {
			isa = PBXContainerItemProxy;
			containerPortal = FA44F1671EBA6EE2003FFC27 /* Project object */;
			proxyType = 1;
			remoteGlobalIDString = FA44F16E1EBA6EE2003FFC27;
			remoteInfo = BotTest;
		};
		FA44F18F1EBA6EE2003FFC27 /* PBXContainerItemProxy */ = {
			isa = PBXContainerItemProxy;
			containerPortal = FA44F1671EBA6EE2003FFC27 /* Project object */;
			proxyType = 1;
			remoteGlobalIDString = FA44F16E1EBA6EE2003FFC27;
			remoteInfo = BotTest;
		};
/* End PBXContainerItemProxy section */

/* Begin PBXFileReference section */
		01066E4E0A8F8107F7A43815 /* Pods-BotTest.debug.xcconfig */ = {isa = PBXFileReference; includeInIndex = 1; lastKnownFileType = text.xcconfig; name = "Pods-BotTest.debug.xcconfig"; path = "Pods/Target Support Files/Pods-BotTest/Pods-BotTest.debug.xcconfig"; sourceTree = "<group>"; };
		27898DC35FFD977D14AEC384 /* Pods-BotTestUITests.release.xcconfig */ = {isa = PBXFileReference; includeInIndex = 1; lastKnownFileType = text.xcconfig; name = "Pods-BotTestUITests.release.xcconfig"; path = "Pods/Target Support Files/Pods-BotTestUITests/Pods-BotTestUITests.release.xcconfig"; sourceTree = "<group>"; };
		7BFEE73859A81D88914769F3 /* Pods-BotTest.release.xcconfig */ = {isa = PBXFileReference; includeInIndex = 1; lastKnownFileType = text.xcconfig; name = "Pods-BotTest.release.xcconfig"; path = "Pods/Target Support Files/Pods-BotTest/Pods-BotTest.release.xcconfig"; sourceTree = "<group>"; };
		88B89DCC2EFAFF1E8C391172 /* Pods-BotTestTests.debug.xcconfig */ = {isa = PBXFileReference; includeInIndex = 1; lastKnownFileType = text.xcconfig; name = "Pods-BotTestTests.debug.xcconfig"; path = "Pods/Target Support Files/Pods-BotTestTests/Pods-BotTestTests.debug.xcconfig"; sourceTree = "<group>"; };
		946E7DA8F957975DAC8FFF6B /* Pods-BotTestUITests.debug.xcconfig */ = {isa = PBXFileReference; includeInIndex = 1; lastKnownFileType = text.xcconfig; name = "Pods-BotTestUITests.debug.xcconfig"; path = "Pods/Target Support Files/Pods-BotTestUITests/Pods-BotTestUITests.debug.xcconfig"; sourceTree = "<group>"; };
		E440C18532BDA3589C41B6AA /* Pods-BotTestTests.release.xcconfig */ = {isa = PBXFileReference; includeInIndex = 1; lastKnownFileType = text.xcconfig; name = "Pods-BotTestTests.release.xcconfig"; path = "Pods/Target Support Files/Pods-BotTestTests/Pods-BotTestTests.release.xcconfig"; sourceTree = "<group>"; };
		EA066CF1589B69C303D774F3 /* Pods_BotTestUITests.framework */ = {isa = PBXFileReference; explicitFileType = wrapper.framework; includeInIndex = 0; path = Pods_BotTestUITests.framework; sourceTree = BUILT_PRODUCTS_DIR; };
		F72A75919BEEAFFF4ACA01B2 /* Pods_BotTestTests.framework */ = {isa = PBXFileReference; explicitFileType = wrapper.framework; includeInIndex = 0; path = Pods_BotTestTests.framework; sourceTree = BUILT_PRODUCTS_DIR; };
		FA44F16F1EBA6EE2003FFC27 /* BotTest.app */ = {isa = PBXFileReference; explicitFileType = wrapper.application; includeInIndex = 0; path = BotTest.app; sourceTree = BUILT_PRODUCTS_DIR; };
		FA44F1721EBA6EE2003FFC27 /* AppDelegate.swift */ = {isa = PBXFileReference; lastKnownFileType = sourcecode.swift; path = AppDelegate.swift; sourceTree = "<group>"; };
		FA44F1741EBA6EE2003FFC27 /* ViewController.swift */ = {isa = PBXFileReference; lastKnownFileType = sourcecode.swift; path = ViewController.swift; sourceTree = "<group>"; };
		FA44F1771EBA6EE2003FFC27 /* Base */ = {isa = PBXFileReference; lastKnownFileType = file.storyboard; name = Base; path = Base.lproj/Main.storyboard; sourceTree = "<group>"; };
		FA44F1791EBA6EE2003FFC27 /* Assets.xcassets */ = {isa = PBXFileReference; lastKnownFileType = folder.assetcatalog; path = Assets.xcassets; sourceTree = "<group>"; };
		FA44F17C1EBA6EE2003FFC27 /* Base */ = {isa = PBXFileReference; lastKnownFileType = file.storyboard; name = Base; path = Base.lproj/LaunchScreen.storyboard; sourceTree = "<group>"; };
		FA44F17E1EBA6EE2003FFC27 /* Info.plist */ = {isa = PBXFileReference; lastKnownFileType = text.plist.xml; path = Info.plist; sourceTree = "<group>"; };
		FA44F1831EBA6EE2003FFC27 /* BotTestTests.xctest */ = {isa = PBXFileReference; explicitFileType = wrapper.cfbundle; includeInIndex = 0; path = BotTestTests.xctest; sourceTree = BUILT_PRODUCTS_DIR; };
		FA44F1871EBA6EE2003FFC27 /* BotTestTests.swift */ = {isa = PBXFileReference; lastKnownFileType = sourcecode.swift; path = BotTestTests.swift; sourceTree = "<group>"; };
		FA44F1891EBA6EE2003FFC27 /* Info.plist */ = {isa = PBXFileReference; lastKnownFileType = text.plist.xml; path = Info.plist; sourceTree = "<group>"; };
		FA44F18E1EBA6EE2003FFC27 /* BotTestUITests.xctest */ = {isa = PBXFileReference; explicitFileType = wrapper.cfbundle; includeInIndex = 0; path = BotTestUITests.xctest; sourceTree = BUILT_PRODUCTS_DIR; };
		FA44F1921EBA6EE2003FFC27 /* BotTestUITests.swift */ = {isa = PBXFileReference; lastKnownFileType = sourcecode.swift; path = BotTestUITests.swift; sourceTree = "<group>"; };
		FA44F1941EBA6EE2003FFC27 /* Info.plist */ = {isa = PBXFileReference; lastKnownFileType = text.plist.xml; path = Info.plist; sourceTree = "<group>"; };
		FA44F1A01EBA6FA2003FFC27 /* Podfile */ = {isa = PBXFileReference; fileEncoding = 4; lastKnownFileType = text; path = Podfile; sourceTree = "<group>"; };
		FEB6221B72B0002AA522A95F /* Pods_BotTest.framework */ = {isa = PBXFileReference; explicitFileType = wrapper.framework; includeInIndex = 0; path = Pods_BotTest.framework; sourceTree = BUILT_PRODUCTS_DIR; };
/* End PBXFileReference section */

/* Begin PBXFrameworksBuildPhase section */
		FA44F16C1EBA6EE2003FFC27 /* Frameworks */ = {
			isa = PBXFrameworksBuildPhase;
			buildActionMask = 2147483647;
			files = (
				EBCC102808250AF07E3EC22A /* Pods_BotTest.framework in Frameworks */,
			);
			runOnlyForDeploymentPostprocessing = 0;
		};
		FA44F1801EBA6EE2003FFC27 /* Frameworks */ = {
			isa = PBXFrameworksBuildPhase;
			buildActionMask = 2147483647;
			files = (
				6C38F2E3B95AA5B5F4CAA798 /* Pods_BotTestTests.framework in Frameworks */,
			);
			runOnlyForDeploymentPostprocessing = 0;
		};
		FA44F18B1EBA6EE2003FFC27 /* Frameworks */ = {
			isa = PBXFrameworksBuildPhase;
			buildActionMask = 2147483647;
			files = (
				0CC08BDF3F8DB8D089E8F3CC /* Pods_BotTestUITests.framework in Frameworks */,
			);
			runOnlyForDeploymentPostprocessing = 0;
		};
/* End PBXFrameworksBuildPhase section */

/* Begin PBXGroup section */
		7381B2B1CB9D82B57CCC2183 /* Frameworks */ = {
			isa = PBXGroup;
			children = (
				FEB6221B72B0002AA522A95F /* Pods_BotTest.framework */,
				F72A75919BEEAFFF4ACA01B2 /* Pods_BotTestTests.framework */,
				EA066CF1589B69C303D774F3 /* Pods_BotTestUITests.framework */,
			);
			name = Frameworks;
			sourceTree = "<group>";
		};
		8F5326C51BB922370D63760E /* Pods */ = {
			isa = PBXGroup;
			children = (
				01066E4E0A8F8107F7A43815 /* Pods-BotTest.debug.xcconfig */,
				7BFEE73859A81D88914769F3 /* Pods-BotTest.release.xcconfig */,
				88B89DCC2EFAFF1E8C391172 /* Pods-BotTestTests.debug.xcconfig */,
				E440C18532BDA3589C41B6AA /* Pods-BotTestTests.release.xcconfig */,
				946E7DA8F957975DAC8FFF6B /* Pods-BotTestUITests.debug.xcconfig */,
				27898DC35FFD977D14AEC384 /* Pods-BotTestUITests.release.xcconfig */,
			);
			name = Pods;
			sourceTree = "<group>";
		};
		FA44F1661EBA6EE2003FFC27 = {
			isa = PBXGroup;
			children = (
				FA44F1A01EBA6FA2003FFC27 /* Podfile */,
				FA44F1711EBA6EE2003FFC27 /* BotTest */,
				FA44F1861EBA6EE2003FFC27 /* BotTestTests */,
				FA44F1911EBA6EE2003FFC27 /* BotTestUITests */,
				FA44F1701EBA6EE2003FFC27 /* Products */,
				8F5326C51BB922370D63760E /* Pods */,
				7381B2B1CB9D82B57CCC2183 /* Frameworks */,
			);
			sourceTree = "<group>";
		};
		FA44F1701EBA6EE2003FFC27 /* Products */ = {
			isa = PBXGroup;
			children = (
				FA44F16F1EBA6EE2003FFC27 /* BotTest.app */,
				FA44F1831EBA6EE2003FFC27 /* BotTestTests.xctest */,
				FA44F18E1EBA6EE2003FFC27 /* BotTestUITests.xctest */,
			);
			name = Products;
			sourceTree = "<group>";
		};
		FA44F1711EBA6EE2003FFC27 /* BotTest */ = {
			isa = PBXGroup;
			children = (
				FA44F1721EBA6EE2003FFC27 /* AppDelegate.swift */,
				FA44F1741EBA6EE2003FFC27 /* ViewController.swift */,
				FA44F1761EBA6EE2003FFC27 /* Main.storyboard */,
				FA44F1791EBA6EE2003FFC27 /* Assets.xcassets */,
				FA44F17B1EBA6EE2003FFC27 /* LaunchScreen.storyboard */,
				FA44F17E1EBA6EE2003FFC27 /* Info.plist */,
			);
			path = BotTest;
			sourceTree = "<group>";
		};
		FA44F1861EBA6EE2003FFC27 /* BotTestTests */ = {
			isa = PBXGroup;
			children = (
				FA44F1871EBA6EE2003FFC27 /* BotTestTests.swift */,
				FA44F1891EBA6EE2003FFC27 /* Info.plist */,
			);
			path = BotTestTests;
			sourceTree = "<group>";
		};
		FA44F1911EBA6EE2003FFC27 /* BotTestUITests */ = {
			isa = PBXGroup;
			children = (
				FA44F1921EBA6EE2003FFC27 /* BotTestUITests.swift */,
				FA44F1941EBA6EE2003FFC27 /* Info.plist */,
			);
			path = BotTestUITests;
			sourceTree = "<group>";
		};
/* End PBXGroup section */

/* Begin PBXNativeTarget section */
		FA44F16E1EBA6EE2003FFC27 /* BotTest */ = {
			isa = PBXNativeTarget;
			buildConfigurationList = FA44F1971EBA6EE2003FFC27 /* Build configuration list for PBXNativeTarget "BotTest" */;
			buildPhases = (
				55E22176767BC576E01D2681 /* [CP] Check Pods Manifest.lock */,
				FA44F16B1EBA6EE2003FFC27 /* Sources */,
				FA44F16C1EBA6EE2003FFC27 /* Frameworks */,
				FA44F16D1EBA6EE2003FFC27 /* Resources */,
				89264F5C36F8BFD6897834CF /* [CP] Embed Pods Frameworks */,
				F742A77C5C509A8308EB83E8 /* [CP] Copy Pods Resources */,
			);
			buildRules = (
			);
			dependencies = (
			);
			name = BotTest;
			productName = BotTest;
			productReference = FA44F16F1EBA6EE2003FFC27 /* BotTest.app */;
			productType = "com.apple.product-type.application";
		};
		FA44F1821EBA6EE2003FFC27 /* BotTestTests */ = {
			isa = PBXNativeTarget;
			buildConfigurationList = FA44F19A1EBA6EE2003FFC27 /* Build configuration list for PBXNativeTarget "BotTestTests" */;
			buildPhases = (
				6356894EA0FFCFE49A3E9A0D /* [CP] Check Pods Manifest.lock */,
				FA44F17F1EBA6EE2003FFC27 /* Sources */,
				FA44F1801EBA6EE2003FFC27 /* Frameworks */,
				FA44F1811EBA6EE2003FFC27 /* Resources */,
				F8DDC66C18A55A5C2179B6DF /* [CP] Embed Pods Frameworks */,
				C03BBFD505D0F5E93D186875 /* [CP] Copy Pods Resources */,
			);
			buildRules = (
			);
			dependencies = (
				FA44F1851EBA6EE2003FFC27 /* PBXTargetDependency */,
			);
			name = BotTestTests;
			productName = BotTestTests;
			productReference = FA44F1831EBA6EE2003FFC27 /* BotTestTests.xctest */;
			productType = "com.apple.product-type.bundle.unit-test";
		};
		FA44F18D1EBA6EE2003FFC27 /* BotTestUITests */ = {
			isa = PBXNativeTarget;
			buildConfigurationList = FA44F19D1EBA6EE2003FFC27 /* Build configuration list for PBXNativeTarget "BotTestUITests" */;
			buildPhases = (
				53323665DB6312C55A32342C /* [CP] Check Pods Manifest.lock */,
				FA44F18A1EBA6EE2003FFC27 /* Sources */,
				FA44F18B1EBA6EE2003FFC27 /* Frameworks */,
				FA44F18C1EBA6EE2003FFC27 /* Resources */,
				889C0B44573B5A503C0650AC /* [CP] Embed Pods Frameworks */,
				46595B002BF50ED206417C4D /* [CP] Copy Pods Resources */,
			);
			buildRules = (
			);
			dependencies = (
				FA44F1901EBA6EE2003FFC27 /* PBXTargetDependency */,
			);
			name = BotTestUITests;
			productName = BotTestUITests;
			productReference = FA44F18E1EBA6EE2003FFC27 /* BotTestUITests.xctest */;
			productType = "com.apple.product-type.bundle.ui-testing";
		};
/* End PBXNativeTarget section */

/* Begin PBXProject section */
		FA44F1671EBA6EE2003FFC27 /* Project object */ = {
			isa = PBXProject;
			attributes = {
				LastSwiftUpdateCheck = 0830;
				LastUpgradeCheck = 0830;
				TargetAttributes = {
					FA44F16E1EBA6EE2003FFC27 = {
						CreatedOnToolsVersion = 8.3.2;
						DevelopmentTeam = VW85RQ7VZT;
						ProvisioningStyle = Manual;
					};
					FA44F1821EBA6EE2003FFC27 = {
						CreatedOnToolsVersion = 8.3.2;
						DevelopmentTeam = BDLKX9FAG9;
						ProvisioningStyle = Automatic;
						TestTargetID = FA44F16E1EBA6EE2003FFC27;
					};
					FA44F18D1EBA6EE2003FFC27 = {
						CreatedOnToolsVersion = 8.3.2;
						DevelopmentTeam = BDLKX9FAG9;
						ProvisioningStyle = Automatic;
						TestTargetID = FA44F16E1EBA6EE2003FFC27;
					};
				};
			};
			buildConfigurationList = FA44F16A1EBA6EE2003FFC27 /* Build configuration list for PBXProject "BotTest" */;
			compatibilityVersion = "Xcode 3.2";
			developmentRegion = English;
			hasScannedForEncodings = 0;
			knownRegions = (
				en,
				Base,
			);
			mainGroup = FA44F1661EBA6EE2003FFC27;
			productRefGroup = FA44F1701EBA6EE2003FFC27 /* Products */;
			projectDirPath = "";
			projectRoot = "";
			targets = (
				FA44F16E1EBA6EE2003FFC27 /* BotTest */,
				FA44F1821EBA6EE2003FFC27 /* BotTestTests */,
				FA44F18D1EBA6EE2003FFC27 /* BotTestUITests */,
			);
		};
/* End PBXProject section */

/* Begin PBXResourcesBuildPhase section */
		FA44F16D1EBA6EE2003FFC27 /* Resources */ = {
			isa = PBXResourcesBuildPhase;
			buildActionMask = 2147483647;
			files = (
				FA44F17D1EBA6EE2003FFC27 /* LaunchScreen.storyboard in Resources */,
				FA44F17A1EBA6EE2003FFC27 /* Assets.xcassets in Resources */,
				FA44F1A11EBA6FA2003FFC27 /* Podfile in Resources */,
				FA44F1781EBA6EE2003FFC27 /* Main.storyboard in Resources */,
			);
			runOnlyForDeploymentPostprocessing = 0;
		};
		FA44F1811EBA6EE2003FFC27 /* Resources */ = {
			isa = PBXResourcesBuildPhase;
			buildActionMask = 2147483647;
			files = (
			);
			runOnlyForDeploymentPostprocessing = 0;
		};
		FA44F18C1EBA6EE2003FFC27 /* Resources */ = {
			isa = PBXResourcesBuildPhase;
			buildActionMask = 2147483647;
			files = (
			);
			runOnlyForDeploymentPostprocessing = 0;
		};
/* End PBXResourcesBuildPhase section */

/* Begin PBXShellScriptBuildPhase section */
		46595B002BF50ED206417C4D /* [CP] Copy Pods Resources */ = {
			isa = PBXShellScriptBuildPhase;
			buildActionMask = 2147483647;
			files = (
			);
			inputPaths = (
			);
			name = "[CP] Copy Pods Resources";
			outputPaths = (
			);
			runOnlyForDeploymentPostprocessing = 0;
			shellPath = /bin/sh;
			shellScript = "\"${SRCROOT}/Pods/Target Support Files/Pods-BotTestUITests/Pods-BotTestUITests-resources.sh\"\n";
			showEnvVarsInLog = 0;
		};
		53323665DB6312C55A32342C /* [CP] Check Pods Manifest.lock */ = {
			isa = PBXShellScriptBuildPhase;
			buildActionMask = 2147483647;
			files = (
			);
			inputPaths = (
			);
			name = "[CP] Check Pods Manifest.lock";
			outputPaths = (
			);
			runOnlyForDeploymentPostprocessing = 0;
			shellPath = /bin/sh;
			shellScript = "diff \"${PODS_PODFILE_DIR_PATH}/Podfile.lock\" \"${PODS_ROOT}/Manifest.lock\" > /dev/null\nif [ $? != 0 ] ; then\n    # print error to STDERR\n    echo \"error: The sandbox is not in sync with the Podfile.lock. Run 'pod install' or update your CocoaPods installation.\" >&2\n    exit 1\nfi\n";
			showEnvVarsInLog = 0;
		};
		55E22176767BC576E01D2681 /* [CP] Check Pods Manifest.lock */ = {
			isa = PBXShellScriptBuildPhase;
			buildActionMask = 2147483647;
			files = (
			);
			inputPaths = (
			);
			name = "[CP] Check Pods Manifest.lock";
			outputPaths = (
			);
			runOnlyForDeploymentPostprocessing = 0;
			shellPath = /bin/sh;
			shellScript = "diff \"${PODS_PODFILE_DIR_PATH}/Podfile.lock\" \"${PODS_ROOT}/Manifest.lock\" > /dev/null\nif [ $? != 0 ] ; then\n    # print error to STDERR\n    echo \"error: The sandbox is not in sync with the Podfile.lock. Run 'pod install' or update your CocoaPods installation.\" >&2\n    exit 1\nfi\n";
			showEnvVarsInLog = 0;
		};
		6356894EA0FFCFE49A3E9A0D /* [CP] Check Pods Manifest.lock */ = {
			isa = PBXShellScriptBuildPhase;
			buildActionMask = 2147483647;
			files = (
			);
			inputPaths = (
			);
			name = "[CP] Check Pods Manifest.lock";
			outputPaths = (
			);
			runOnlyForDeploymentPostprocessing = 0;
			shellPath = /bin/sh;
			shellScript = "diff \"${PODS_PODFILE_DIR_PATH}/Podfile.lock\" \"${PODS_ROOT}/Manifest.lock\" > /dev/null\nif [ $? != 0 ] ; then\n    # print error to STDERR\n    echo \"error: The sandbox is not in sync with the Podfile.lock. Run 'pod install' or update your CocoaPods installation.\" >&2\n    exit 1\nfi\n";
			showEnvVarsInLog = 0;
		};
		889C0B44573B5A503C0650AC /* [CP] Embed Pods Frameworks */ = {
			isa = PBXShellScriptBuildPhase;
			buildActionMask = 2147483647;
			files = (
			);
			inputPaths = (
			);
			name = "[CP] Embed Pods Frameworks";
			outputPaths = (
			);
			runOnlyForDeploymentPostprocessing = 0;
			shellPath = /bin/sh;
			shellScript = "\"${SRCROOT}/Pods/Target Support Files/Pods-BotTestUITests/Pods-BotTestUITests-frameworks.sh\"\n";
			showEnvVarsInLog = 0;
		};
		89264F5C36F8BFD6897834CF /* [CP] Embed Pods Frameworks */ = {
			isa = PBXShellScriptBuildPhase;
			buildActionMask = 2147483647;
			files = (
			);
			inputPaths = (
			);
			name = "[CP] Embed Pods Frameworks";
			outputPaths = (
			);
			runOnlyForDeploymentPostprocessing = 0;
			shellPath = /bin/sh;
			shellScript = "\"${SRCROOT}/Pods/Target Support Files/Pods-BotTest/Pods-BotTest-frameworks.sh\"\n";
			showEnvVarsInLog = 0;
		};
		C03BBFD505D0F5E93D186875 /* [CP] Copy Pods Resources */ = {
			isa = PBXShellScriptBuildPhase;
			buildActionMask = 2147483647;
			files = (
			);
			inputPaths = (
			);
			name = "[CP] Copy Pods Resources";
			outputPaths = (
			);
			runOnlyForDeploymentPostprocessing = 0;
			shellPath = /bin/sh;
			shellScript = "\"${SRCROOT}/Pods/Target Support Files/Pods-BotTestTests/Pods-BotTestTests-resources.sh\"\n";
			showEnvVarsInLog = 0;
		};
		F742A77C5C509A8308EB83E8 /* [CP] Copy Pods Resources */ = {
			isa = PBXShellScriptBuildPhase;
			buildActionMask = 2147483647;
			files = (
			);
			inputPaths = (
			);
			name = "[CP] Copy Pods Resources";
			outputPaths = (
			);
			runOnlyForDeploymentPostprocessing = 0;
			shellPath = /bin/sh;
			shellScript = "\"${SRCROOT}/Pods/Target Support Files/Pods-BotTest/Pods-BotTest-resources.sh\"\n";
			showEnvVarsInLog = 0;
		};
		F8DDC66C18A55A5C2179B6DF /* [CP] Embed Pods Frameworks */ = {
			isa = PBXShellScriptBuildPhase;
			buildActionMask = 2147483647;
			files = (
			);
			inputPaths = (
			);
			name = "[CP] Embed Pods Frameworks";
			outputPaths = (
			);
			runOnlyForDeploymentPostprocessing = 0;
			shellPath = /bin/sh;
			shellScript = "\"${SRCROOT}/Pods/Target Support Files/Pods-BotTestTests/Pods-BotTestTests-frameworks.sh\"\n";
			showEnvVarsInLog = 0;
		};
/* End PBXShellScriptBuildPhase section */

/* Begin PBXSourcesBuildPhase section */
		FA44F16B1EBA6EE2003FFC27 /* Sources */ = {
			isa = PBXSourcesBuildPhase;
			buildActionMask = 2147483647;
			files = (
				FA44F1751EBA6EE2003FFC27 /* ViewController.swift in Sources */,
				FA44F1731EBA6EE2003FFC27 /* AppDelegate.swift in Sources */,
			);
			runOnlyForDeploymentPostprocessing = 0;
		};
		FA44F17F1EBA6EE2003FFC27 /* Sources */ = {
			isa = PBXSourcesBuildPhase;
			buildActionMask = 2147483647;
			files = (
				FA44F1881EBA6EE2003FFC27 /* BotTestTests.swift in Sources */,
			);
			runOnlyForDeploymentPostprocessing = 0;
		};
		FA44F18A1EBA6EE2003FFC27 /* Sources */ = {
			isa = PBXSourcesBuildPhase;
			buildActionMask = 2147483647;
			files = (
				FA44F1931EBA6EE2003FFC27 /* BotTestUITests.swift in Sources */,
			);
			runOnlyForDeploymentPostprocessing = 0;
		};
/* End PBXSourcesBuildPhase section */

/* Begin PBXTargetDependency section */
		FA44F1851EBA6EE2003FFC27 /* PBXTargetDependency */ = {
			isa = PBXTargetDependency;
			target = FA44F16E1EBA6EE2003FFC27 /* BotTest */;
			targetProxy = FA44F1841EBA6EE2003FFC27 /* PBXContainerItemProxy */;
		};
		FA44F1901EBA6EE2003FFC27 /* PBXTargetDependency */ = {
			isa = PBXTargetDependency;
			target = FA44F16E1EBA6EE2003FFC27 /* BotTest */;
			targetProxy = FA44F18F1EBA6EE2003FFC27 /* PBXContainerItemProxy */;
		};
/* End PBXTargetDependency section */

/* Begin PBXVariantGroup section */
		FA44F1761EBA6EE2003FFC27 /* Main.storyboard */ = {
			isa = PBXVariantGroup;
			children = (
				FA44F1771EBA6EE2003FFC27 /* Base */,
			);
			name = Main.storyboard;
			sourceTree = "<group>";
		};
		FA44F17B1EBA6EE2003FFC27 /* LaunchScreen.storyboard */ = {
			isa = PBXVariantGroup;
			children = (
				FA44F17C1EBA6EE2003FFC27 /* Base */,
			);
			name = LaunchScreen.storyboard;
			sourceTree = "<group>";
		};
/* End PBXVariantGroup section */

/* Begin XCBuildConfiguration section */
		FA44F1951EBA6EE2003FFC27 /* Debug */ = {
			isa = XCBuildConfiguration;
			buildSettings = {
				ALWAYS_SEARCH_USER_PATHS = NO;
				CLANG_ANALYZER_NONNULL = YES;
				CLANG_ANALYZER_NUMBER_OBJECT_CONVERSION = YES_AGGRESSIVE;
				CLANG_CXX_LANGUAGE_STANDARD = "gnu++0x";
				CLANG_CXX_LIBRARY = "libc++";
				CLANG_ENABLE_MODULES = YES;
				CLANG_ENABLE_OBJC_ARC = YES;
				CLANG_WARN_BOOL_CONVERSION = YES;
				CLANG_WARN_CONSTANT_CONVERSION = YES;
				CLANG_WARN_DIRECT_OBJC_ISA_USAGE = YES_ERROR;
				CLANG_WARN_DOCUMENTATION_COMMENTS = YES;
				CLANG_WARN_EMPTY_BODY = YES;
				CLANG_WARN_ENUM_CONVERSION = YES;
				CLANG_WARN_INFINITE_RECURSION = YES;
				CLANG_WARN_INT_CONVERSION = YES;
				CLANG_WARN_OBJC_ROOT_CLASS = YES_ERROR;
				CLANG_WARN_SUSPICIOUS_MOVE = YES;
				CLANG_WARN_UNREACHABLE_CODE = YES;
				CLANG_WARN__DUPLICATE_METHOD_MATCH = YES;
				"CODE_SIGN_IDENTITY[sdk=iphoneos*]" = "iPhone Developer";
				COPY_PHASE_STRIP = NO;
				DEBUG_INFORMATION_FORMAT = dwarf;
				ENABLE_STRICT_OBJC_MSGSEND = YES;
				ENABLE_TESTABILITY = YES;
				GCC_C_LANGUAGE_STANDARD = gnu99;
				GCC_DYNAMIC_NO_PIC = NO;
				GCC_NO_COMMON_BLOCKS = YES;
				GCC_OPTIMIZATION_LEVEL = 0;
				GCC_PREPROCESSOR_DEFINITIONS = (
					"DEBUG=1",
					"$(inherited)",
				);
				GCC_WARN_64_TO_32_BIT_CONVERSION = YES;
				GCC_WARN_ABOUT_RETURN_TYPE = YES_ERROR;
				GCC_WARN_UNDECLARED_SELECTOR = YES;
				GCC_WARN_UNINITIALIZED_AUTOS = YES_AGGRESSIVE;
				GCC_WARN_UNUSED_FUNCTION = YES;
				GCC_WARN_UNUSED_VARIABLE = YES;
				IPHONEOS_DEPLOYMENT_TARGET = 10.3;
				MTL_ENABLE_DEBUG_INFO = YES;
				ONLY_ACTIVE_ARCH = YES;
				SDKROOT = iphoneos;
				SWIFT_ACTIVE_COMPILATION_CONDITIONS = DEBUG;
				SWIFT_OPTIMIZATION_LEVEL = "-Onone";
				TARGETED_DEVICE_FAMILY = "1,2";
			};
			name = Debug;
		};
		FA44F1961EBA6EE2003FFC27 /* Release */ = {
			isa = XCBuildConfiguration;
			buildSettings = {
				ALWAYS_SEARCH_USER_PATHS = NO;
				CLANG_ANALYZER_NONNULL = YES;
				CLANG_ANALYZER_NUMBER_OBJECT_CONVERSION = YES_AGGRESSIVE;
				CLANG_CXX_LANGUAGE_STANDARD = "gnu++0x";
				CLANG_CXX_LIBRARY = "libc++";
				CLANG_ENABLE_MODULES = YES;
				CLANG_ENABLE_OBJC_ARC = YES;
				CLANG_WARN_BOOL_CONVERSION = YES;
				CLANG_WARN_CONSTANT_CONVERSION = YES;
				CLANG_WARN_DIRECT_OBJC_ISA_USAGE = YES_ERROR;
				CLANG_WARN_DOCUMENTATION_COMMENTS = YES;
				CLANG_WARN_EMPTY_BODY = YES;
				CLANG_WARN_ENUM_CONVERSION = YES;
				CLANG_WARN_INFINITE_RECURSION = YES;
				CLANG_WARN_INT_CONVERSION = YES;
				CLANG_WARN_OBJC_ROOT_CLASS = YES_ERROR;
				CLANG_WARN_SUSPICIOUS_MOVE = YES;
				CLANG_WARN_UNREACHABLE_CODE = YES;
				CLANG_WARN__DUPLICATE_METHOD_MATCH = YES;
				"CODE_SIGN_IDENTITY[sdk=iphoneos*]" = "iPhone Developer";
				COPY_PHASE_STRIP = NO;
				DEBUG_INFORMATION_FORMAT = "dwarf-with-dsym";
				ENABLE_NS_ASSERTIONS = NO;
				ENABLE_STRICT_OBJC_MSGSEND = YES;
				GCC_C_LANGUAGE_STANDARD = gnu99;
				GCC_NO_COMMON_BLOCKS = YES;
				GCC_WARN_64_TO_32_BIT_CONVERSION = YES;
				GCC_WARN_ABOUT_RETURN_TYPE = YES_ERROR;
				GCC_WARN_UNDECLARED_SELECTOR = YES;
				GCC_WARN_UNINITIALIZED_AUTOS = YES_AGGRESSIVE;
				GCC_WARN_UNUSED_FUNCTION = YES;
				GCC_WARN_UNUSED_VARIABLE = YES;
				IPHONEOS_DEPLOYMENT_TARGET = 10.3;
				MTL_ENABLE_DEBUG_INFO = NO;
				SDKROOT = iphoneos;
				SWIFT_OPTIMIZATION_LEVEL = "-Owholemodule";
				TARGETED_DEVICE_FAMILY = "1,2";
				VALIDATE_PRODUCT = YES;
			};
			name = Release;
		};
		FA44F1981EBA6EE2003FFC27 /* Debug */ = {
			isa = XCBuildConfiguration;
			baseConfigurationReference = 01066E4E0A8F8107F7A43815 /* Pods-BotTest.debug.xcconfig */;
			buildSettings = {
				ASSETCATALOG_COMPILER_APPICON_NAME = AppIcon;
				"CODE_SIGN_IDENTITY[sdk=iphoneos*]" = "iPhone Distribution";
				DEVELOPMENT_TEAM = VW85RQ7VZT;
				INFOPLIST_FILE = BotTest/Info.plist;
				LD_RUNPATH_SEARCH_PATHS = "$(inherited) @executable_path/Frameworks";
				PRODUCT_BUNDLE_IDENTIFIER = "com.eckle.-";
				PRODUCT_NAME = "$(TARGET_NAME)";
				PROVISIONING_PROFILE = "4ed48f8c-b3bd-47f4-ac51-7aa273c46e84";
				PROVISIONING_PROFILE_SPECIFIER = "XC: *";
				SWIFT_VERSION = 3.0;
			};
			name = Debug;
		};
		FA44F1991EBA6EE2003FFC27 /* Release */ = {
			isa = XCBuildConfiguration;
			baseConfigurationReference = 7BFEE73859A81D88914769F3 /* Pods-BotTest.release.xcconfig */;
			buildSettings = {
				ASSETCATALOG_COMPILER_APPICON_NAME = AppIcon;
				"CODE_SIGN_IDENTITY[sdk=iphoneos*]" = "iPhone Distribution";
				DEVELOPMENT_TEAM = VW85RQ7VZT;
				INFOPLIST_FILE = BotTest/Info.plist;
				LD_RUNPATH_SEARCH_PATHS = "$(inherited) @executable_path/Frameworks";
				PRODUCT_BUNDLE_IDENTIFIER = "com.eckle.-";
				PRODUCT_NAME = "$(TARGET_NAME)";
				PROVISIONING_PROFILE = "4ed48f8c-b3bd-47f4-ac51-7aa273c46e84";
				PROVISIONING_PROFILE_SPECIFIER = "XC: *";
				SWIFT_VERSION = 3.0;
			};
			name = Release;
		};
		FA44F19B1EBA6EE2003FFC27 /* Debug */ = {
			isa = XCBuildConfiguration;
			baseConfigurationReference = 88B89DCC2EFAFF1E8C391172 /* Pods-BotTestTests.debug.xcconfig */;
			buildSettings = {
				ALWAYS_EMBED_SWIFT_STANDARD_LIBRARIES = YES;
				BUNDLE_LOADER = "$(TEST_HOST)";
				DEVELOPMENT_TEAM = BDLKX9FAG9;
				INFOPLIST_FILE = BotTestTests/Info.plist;
				LD_RUNPATH_SEARCH_PATHS = "$(inherited) @executable_path/Frameworks @loader_path/Frameworks";
				PRODUCT_BUNDLE_IDENTIFIER = akeskiner.BotTestTests;
				PRODUCT_NAME = "$(TARGET_NAME)";
				SWIFT_VERSION = 3.0;
				TEST_HOST = "$(BUILT_PRODUCTS_DIR)/BotTest.app/BotTest";
			};
			name = Debug;
		};
		FA44F19C1EBA6EE2003FFC27 /* Release */ = {
			isa = XCBuildConfiguration;
			baseConfigurationReference = E440C18532BDA3589C41B6AA /* Pods-BotTestTests.release.xcconfig */;
			buildSettings = {
				ALWAYS_EMBED_SWIFT_STANDARD_LIBRARIES = YES;
				BUNDLE_LOADER = "$(TEST_HOST)";
				DEVELOPMENT_TEAM = BDLKX9FAG9;
				INFOPLIST_FILE = BotTestTests/Info.plist;
				LD_RUNPATH_SEARCH_PATHS = "$(inherited) @executable_path/Frameworks @loader_path/Frameworks";
				PRODUCT_BUNDLE_IDENTIFIER = akeskiner.BotTestTests;
				PRODUCT_NAME = "$(TARGET_NAME)";
				SWIFT_VERSION = 3.0;
				TEST_HOST = "$(BUILT_PRODUCTS_DIR)/BotTest.app/BotTest";
			};
			name = Release;
		};
		FA44F19E1EBA6EE2003FFC27 /* Debug */ = {
			isa = XCBuildConfiguration;
			baseConfigurationReference = 946E7DA8F957975DAC8FFF6B /* Pods-BotTestUITests.debug.xcconfig */;
			buildSettings = {
				ALWAYS_EMBED_SWIFT_STANDARD_LIBRARIES = YES;
				DEVELOPMENT_TEAM = BDLKX9FAG9;
				INFOPLIST_FILE = BotTestUITests/Info.plist;
				LD_RUNPATH_SEARCH_PATHS = "$(inherited) @executable_path/Frameworks @loader_path/Frameworks";
				PRODUCT_BUNDLE_IDENTIFIER = akeskiner.BotTestUITests;
				PRODUCT_NAME = "$(TARGET_NAME)";
				SWIFT_VERSION = 3.0;
				TEST_TARGET_NAME = BotTest;
			};
			name = Debug;
		};
		FA44F19F1EBA6EE2003FFC27 /* Release */ = {
			isa = XCBuildConfiguration;
			baseConfigurationReference = 27898DC35FFD977D14AEC384 /* Pods-BotTestUITests.release.xcconfig */;
			buildSettings = {
				ALWAYS_EMBED_SWIFT_STANDARD_LIBRARIES = YES;
				DEVELOPMENT_TEAM = BDLKX9FAG9;
				INFOPLIST_FILE = BotTestUITests/Info.plist;
				LD_RUNPATH_SEARCH_PATHS = "$(inherited) @executable_path/Frameworks @loader_path/Frameworks";
				PRODUCT_BUNDLE_IDENTIFIER = akeskiner.BotTestUITests;
				PRODUCT_NAME = "$(TARGET_NAME)";
				SWIFT_VERSION = 3.0;
				TEST_TARGET_NAME = BotTest;
			};
			name = Release;
		};
/* End XCBuildConfiguration section */

/* Begin XCConfigurationList section */
		FA44F16A1EBA6EE2003FFC27 /* Build configuration list for PBXProject "BotTest" */ = {
			isa = XCConfigurationList;
			buildConfigurations = (
				FA44F1951EBA6EE2003FFC27 /* Debug */,
				FA44F1961EBA6EE2003FFC27 /* Release */,
			);
			defaultConfigurationIsVisible = 0;
			defaultConfigurationName = Release;
		};
		FA44F1971EBA6EE2003FFC27 /* Build configuration list for PBXNativeTarget "BotTest" */ = {
			isa = XCConfigurationList;
			buildConfigurations = (
				FA44F1981EBA6EE2003FFC27 /* Debug */,
				FA44F1991EBA6EE2003FFC27 /* Release */,
			);
			defaultConfigurationIsVisible = 0;
			defaultConfigurationName = Release;
		};
		FA44F19A1EBA6EE2003FFC27 /* Build configuration list for PBXNativeTarget "BotTestTests" */ = {
			isa = XCConfigurationList;
			buildConfigurations = (
				FA44F19B1EBA6EE2003FFC27 /* Debug */,
				FA44F19C1EBA6EE2003FFC27 /* Release */,
			);
			defaultConfigurationIsVisible = 0;
			defaultConfigurationName = Release;
		};
		FA44F19D1EBA6EE2003FFC27 /* Build configuration list for PBXNativeTarget "BotTestUITests" */ = {
			isa = XCConfigurationList;
			buildConfigurations = (
				FA44F19E1EBA6EE2003FFC27 /* Debug */,
				FA44F19F1EBA6EE2003FFC27 /* Release */,
			);
			defaultConfigurationIsVisible = 0;
			defaultConfigurationName = Release;
		};
/* End XCConfigurationList section */
	};
	rootObject = FA44F1671EBA6EE2003FFC27 /* Project object */;
}
